
Microsoft Visual Studio Solution File, Format Version 12.00
# Visual Studio Version 16
VisualStudioVersion = 16.0.31911.196
MinimumVisualStudioVersion = 10.0.40219.1
Project("{AA6C8D78-22FF-423A-9C7C-5F2393824E04}") = "AdventOfCode", "AdventOfCode\AdventOfCode.xsproj", "{18354166-646A-4D9C-A359-64B0E7126248}"
EndProject
Project("{2150E333-8FDC-42A3-9474-1A3956D46DE8}") = "Docs", "Docs", "{7C828F5F-65EE-4854-BAD4-8E1FA86C38B0}"
	ProjectSection(SolutionItems) = preProject
		README.md = README.md
	EndProjectSection
EndProject
Global
	GlobalSection(SolutionConfigurationPlatforms) = preSolution
		Debug|Any CPU = Debug|Any CPU
		Release|Any CPU = Release|Any CPU
	EndGlobalSection
	GlobalSection(ProjectConfigurationPlatforms) = postSolution
		{18354166-646A-4D9C-A359-64B0E7126248}.Debug|Any CPU.ActiveCfg = Debug|Any CPU
		{18354166-646A-4D9C-A359-64B0E7126248}.Debug|Any CPU.Build.0 = Debug|Any CPU
		{18354166-646A-4D9C-A359-64B0E7126248}.Release|Any CPU.ActiveCfg = Release|Any CPU
		{18354166-646A-4D9C-A359-64B0E7126248}.Release|Any CPU.Build.0 = Release|Any CPU
	EndGlobalSection
	GlobalSection(SolutionProperties) = preSolution
		HideSolutionNode = FALSE
	EndGlobalSection
	GlobalSection(ExtensibilityGlobals) = postSolution
		SolutionGuid = {419CAE1E-401F-447A-9A6B-74AC5E51882D}
	EndGlobalSection
EndGlobal
